{
  "nodes": {
    "flake-utils": {
      "inputs": {
        "systems": "systems"
      },
      "locked": {
        "lastModified": 1710146030,
        "narHash": "sha256-SZ5L6eA7HJ/nmkzGG7/ISclqe6oZdOZTNoesiInkXPQ=",
        "owner": "numtide",
        "repo": "flake-utils",
        "rev": "b1d9ab70662946ef0850d488da1c9019f3a9752a",
        "type": "github"
      },
      "original": {
        "owner": "numtide",
        "repo": "flake-utils",
        "type": "github"
      }
    },
    "nixpkgs": {
      "locked": {
        "lastModified": 1716846288,
        "narHash": "sha256-ZB0j4Gd89O8hxMygeFnbLnRztIU9MUc86MQZtfltlS8=",
        "owner": "nixos",
        "repo": "nixpkgs",
        "rev": "2ab53fad627302ae55a11548f85e5a653b42136d",
        "type": "github"
      },
      "original": {
        "owner": "nixos",
        "repo": "nixpkgs",
        "type": "github"
      }
    },
    "root": {
      "inputs": {
        "flake-utils": "flake-utils",
        "nixpkgs": "nixpkgs",
        "sculptor": "sculptor"
      }
    },
    "sculptor": {
      "flake": false,
      "locked": {
        "lastModified": 1716688142,
        "narHash": "sha256-ZWM82ix9g01BljjpLQF0vbyNNFlbDCcwMGZB6LptDCY=",
        "owner": "shiroyashik",
        "repo": "sculptor",
        "rev": "5e4e1219b71e90c66cacabb10e568eec8a767350",
        "type": "github"
      },
      "original": {
        "owner": "shiroyashik",
        "repo": "sculptor",
        "type": "github"
      }
    },
    "systems": {
      "locked": {
        "lastModified": 1681028828,
        "narHash": "sha256-Vy1rq5AaRuLzOxct8nz4T6wlgyUR7zLU309k9mBC768=",
        "owner": "nix-systems",
        "repo": "default",
        "rev": "da67096a3b9bf56a91d16901293e51ba5b49a27e",
        "type": "github"
      },
      "original": {
        "owner": "nix-systems",
        "repo": "default",
        "type": "github"
      }
    }
  },
  "root": "root",
  "version": 7
}
